
Microsoft Visual Studio Solution File, Format Version 12.00
# Visual Studio Version 16
VisualStudioVersion = 16.0.31424.327
MinimumVisualStudioVersion = 10.0.40219.1
Project("{9A19103F-16F7-4668-BE54-9A1E7A4F7556}") = "Algorithm_Test", "Algorithm_Test.csproj", "{CA18104A-4E88-494E-B514-0E3BC0B37D96}"
EndProject
Project("{9A19103F-16F7-4668-BE54-9A1E7A4F7556}") = "Solution", "..\Solution\Solution.csproj", "{1CB8F9DE-AAEA-44AC-8870-9FD4C08098E2}"
EndProject
Project("{9A19103F-16F7-4668-BE54-9A1E7A4F7556}") = "LinearSearch", "..\LinearSearch\LinearSearch.csproj", "{AC7F5D75-FA89-4ED5-803C-C37CC3581D0D}"
EndProject
Project("{9A19103F-16F7-4668-BE54-9A1E7A4F7556}") = "BinarySearch_DivideConquer", "..\BinarySearch_DivideConquer\BinarySearch_DivideConquer.csproj", "{E7375B47-AE41-4C79-BF74-DE974EA42BF5}"
EndProject
Project("{9A19103F-16F7-4668-BE54-9A1E7A4F7556}") = "FindEvenNums", "..\FindEvenNums\FindEvenNums.csproj", "{4C050555-C381-41DA-B367-2444A03BBA0E}"
EndProject
Project("{9A19103F-16F7-4668-BE54-9A1E7A4F7556}") = "ReverArray", "..\ReverArray\ReverArray.csproj", "{90A90E93-6EA6-4EF8-A940-62E2AF7C43B4}"
EndProject
Project("{9A19103F-16F7-4668-BE54-9A1E7A4F7556}") = "Challenge_Solution_2", "..\Challenge_Solution_2\Challenge_Solution_2.csproj", "{391ECAAA-E844-4A1E-8F86-F5012365C936}"
EndProject
Project("{9A19103F-16F7-4668-BE54-9A1E7A4F7556}") = "LinkedList", "..\LinkedList\LinkedList.csproj", "{FCF523EB-112A-4E1F-B867-D3DFC04C1106}"
EndProject
Project("{9A19103F-16F7-4668-BE54-9A1E7A4F7556}") = "LinkedList_Custom", "..\LinkedList_Custom\LinkedList_Custom.csproj", "{4C720016-2177-4B5C-8B47-A91E5FF64E2D}"
EndProject
Project("{9A19103F-16F7-4668-BE54-9A1E7A4F7556}") = "Queue", "..\Queue\Queue.csproj", "{9662665A-052D-4E28-8FC2-173568DC7EB4}"
EndProject
Project("{9A19103F-16F7-4668-BE54-9A1E7A4F7556}") = "Queue_printBinary", "..\Queue_printBinary\Queue_printBinary.csproj", "{ABBDF105-581E-422D-BC94-986C8F54706B}"
EndProject
Project("{9A19103F-16F7-4668-BE54-9A1E7A4F7556}") = "Stack", "..\Stack\Stack.csproj", "{BC10407D-644E-4836-866C-B6ECCA1A0248}"
EndProject
Project("{9A19103F-16F7-4668-BE54-9A1E7A4F7556}") = "out_Usage", "..\out_Usage\out_Usage.csproj", "{50F9EB44-6E13-4A8B-BDFD-1219A6D5B1C6}"
EndProject
Project("{9A19103F-16F7-4668-BE54-9A1E7A4F7556}") = "Solution_Stack", "..\Solution_Stack\Solution_Stack.csproj", "{2FBDB24D-9C31-4D6F-95E0-C9674A52FD29}"
EndProject
Project("{9A19103F-16F7-4668-BE54-9A1E7A4F7556}") = "Stack_Question", "..\Stack_Question\Stack_Question.csproj", "{DDF815EE-2E7F-4001-B91E-786A523A347F}"
EndProject
Project("{9A19103F-16F7-4668-BE54-9A1E7A4F7556}") = "HashTable", "..\HashTable\HashTable.csproj", "{9484E921-CB77-460F-B233-5FF7ADEE98A5}"
EndProject
Project("{9A19103F-16F7-4668-BE54-9A1E7A4F7556}") = "HashSet_MissingElements", "..\HashSet_MissingElements\HashSet_MissingElements.csproj", "{CEE09750-9E6A-4494-B22B-C9157E6B8D4F}"
EndProject
Project("{9A19103F-16F7-4668-BE54-9A1E7A4F7556}") = "HashSet_Dictionary", "..\HashSet_Dictionary\HashSet_Dictionary.csproj", "{927C54EE-031A-4A2A-9325-057D5E955B66}"
EndProject
Project("{9A19103F-16F7-4668-BE54-9A1E7A4F7556}") = "BinarySearchTree(BST)", "..\BinarySearchTree(BST)\BinarySearchTree(BST).csproj", "{2AD4033F-6C78-4A75-B0FA-BA6ECFF1CB64}"
EndProject
Project("{9A19103F-16F7-4668-BE54-9A1E7A4F7556}") = "Tree_Traversal", "..\Tree_Traversal\Tree_Traversal.csproj", "{33733A87-A229-43FB-BC69-79522789A129}"
EndProject
Project("{9A19103F-16F7-4668-BE54-9A1E7A4F7556}") = "Override", "..\Override\Override.csproj", "{728D6890-E07F-4FA9-B740-7ADFF5F6D59A}"
EndProject
Project("{9A19103F-16F7-4668-BE54-9A1E7A4F7556}") = "Abstraction_Encapsulation", "..\Abstraction_Encapsulation\Abstraction_Encapsulation.csproj", "{E8EBB0B8-9582-4AEF-A547-25D764FBD153}"
EndProject
Project("{9A19103F-16F7-4668-BE54-9A1E7A4F7556}") = "Inheritance", "..\Inheritance\Inheritance.csproj", "{28BF07F0-6542-46D1-82D3-D5B0F4F5F79B}"
EndProject
Project("{9A19103F-16F7-4668-BE54-9A1E7A4F7556}") = "VirtualKeyword_Overriding", "..\VirtualKeyword_Overriding\VirtualKeyword_Overriding.csproj", "{D4F215AB-C14A-4B55-B78D-114AA7B3F5BE}"
EndProject
Project("{9A19103F-16F7-4668-BE54-9A1E7A4F7556}") = "OverLoading", "..\OverLoading\OverLoading.csproj", "{22B32C73-C78C-4DF8-A607-256A194113B8}"
EndProject
Project("{9A19103F-16F7-4668-BE54-9A1E7A4F7556}") = "Polymorphism", "..\Polymorphism\Polymorphism.csproj", "{184E8FC6-EB1B-4093-838D-A9CB696537B2}"
EndProject
Project("{9A19103F-16F7-4668-BE54-9A1E7A4F7556}") = "Operator_Overloading", "..\Operator_Overloading\Operator_Overloading.csproj", "{55F56C9A-46D7-4C30-9081-E7272ED07805}"
EndProject
Project("{9A19103F-16F7-4668-BE54-9A1E7A4F7556}") = "AbstractClass", "..\AbstractClass\AbstractClass.csproj", "{9904C546-1ED8-4560-BFE6-4DF07FADA4C0}"
EndProject
Project("{9A19103F-16F7-4668-BE54-9A1E7A4F7556}") = "Interfaces", "..\Interfaces\Interfaces.csproj", "{BED17E87-9AA5-487C-A944-541ABEB92048}"
EndProject
Project("{9A19103F-16F7-4668-BE54-9A1E7A4F7556}") = "ABSTRACT_INTERFACES", "..\ABSTRACT_INTERFACES\ABSTRACT_INTERFACES.csproj", "{05024533-8498-4EF7-A90A-4BCD65649B24}"
EndProject
Project("{9A19103F-16F7-4668-BE54-9A1E7A4F7556}") = "VAR_DYNAMIC_KEYWORD", "..\VAR_DYNAMIC_KEYWORD\VAR_DYNAMIC_KEYWORD.csproj", "{E1B06F1A-236F-45C2-A43D-05F9BA0604A7}"
EndProject
Project("{9A19103F-16F7-4668-BE54-9A1E7A4F7556}") = "Constant_Readonly", "..\Constant_Readonly\Constant_Readonly.csproj", "{0C4E6658-2C48-438D-9166-677456B1C51D}"
EndProject
Project("{9A19103F-16F7-4668-BE54-9A1E7A4F7556}") = "ExtensionMethods", "..\ExtensionMethods\ExtensionMethods.csproj", "{9339E7F5-3ED1-48BB-9FFC-88E8FB6F9181}"
EndProject
Project("{2150E333-8FDC-42A3-9474-1A3956D46DE8}") = "Solution Items", "Solution Items", "{EF523BC6-D371-4ED7-A686-065FF54FB115}"
	ProjectSection(SolutionItems) = preProject
		InterviewQuestions.txt = InterviewQuestions.txt
	EndProjectSection
EndProject
Project("{9A19103F-16F7-4668-BE54-9A1E7A4F7556}") = "IENUMERABLE_IQUERYABLE", "..\IENUMERABLE_IQUERYABLE\IENUMERABLE_IQUERYABLE.csproj", "{F660F916-3E57-48A5-A1CC-7EE2089ED269}"
EndProject
Project("{9A19103F-16F7-4668-BE54-9A1E7A4F7556}") = "MVC_INTERVIEW", "..\MVC_INTERVIEW\MVC_INTERVIEW.csproj", "{356C41F5-149C-4624-B70A-BED076B102A5}"
EndProject
Project("{9A19103F-16F7-4668-BE54-9A1E7A4F7556}") = "GameProject", "..\GameProject\GameProject.csproj", "{1165477D-1D37-4EC5-B8F1-2424EB5536C4}"
EndProject
Project("{2150E333-8FDC-42A3-9474-1A3956D46DE8}") = "MyFinalProject", "MyFinalProject", "{E4E04018-DD21-4777-AD5B-EDA2482A4180}"
	ProjectSection(SolutionItems) = preProject
		Info.txt = Info.txt
	EndProjectSection
EndProject
Project("{FAE04EC0-301F-11D3-BF4B-00C04F79EFBC}") = "DataAccess", "..\DataAccess\DataAccess.csproj", "{1B8488EC-EF1F-49FE-B9B7-54BE05A81600}"
EndProject
Project("{FAE04EC0-301F-11D3-BF4B-00C04F79EFBC}") = "Business", "..\Business\Business.csproj", "{C6CD2DB5-3EBD-4077-BE7F-4B2CA5DAF889}"
EndProject
Project("{FAE04EC0-301F-11D3-BF4B-00C04F79EFBC}") = "Entities", "..\Entities\Entities.csproj", "{27001862-8B70-400B-9934-BAC5E14087FA}"
EndProject
Project("{FAE04EC0-301F-11D3-BF4B-00C04F79EFBC}") = "ConsoleUI", "..\ConsoleUI\ConsoleUI.csproj", "{CC9BE279-DA59-4AE8-AB62-869B515A995C}"
EndProject
Project("{FAE04EC0-301F-11D3-BF4B-00C04F79EFBC}") = "Core", "..\Core\Core.csproj", "{E56EBEC6-83D8-4BCE-A5F2-31B55F2F5D64}"
EndProject
Global
	GlobalSection(SolutionConfigurationPlatforms) = preSolution
		Debug|Any CPU = Debug|Any CPU
		Release|Any CPU = Release|Any CPU
	EndGlobalSection
	GlobalSection(ProjectConfigurationPlatforms) = postSolution
		{CA18104A-4E88-494E-B514-0E3BC0B37D96}.Debug|Any CPU.ActiveCfg = Debug|Any CPU
		{CA18104A-4E88-494E-B514-0E3BC0B37D96}.Debug|Any CPU.Build.0 = Debug|Any CPU
		{CA18104A-4E88-494E-B514-0E3BC0B37D96}.Release|Any CPU.ActiveCfg = Release|Any CPU
		{CA18104A-4E88-494E-B514-0E3BC0B37D96}.Release|Any CPU.Build.0 = Release|Any CPU
		{1CB8F9DE-AAEA-44AC-8870-9FD4C08098E2}.Debug|Any CPU.ActiveCfg = Debug|Any CPU
		{1CB8F9DE-AAEA-44AC-8870-9FD4C08098E2}.Debug|Any CPU.Build.0 = Debug|Any CPU
		{1CB8F9DE-AAEA-44AC-8870-9FD4C08098E2}.Release|Any CPU.ActiveCfg = Release|Any CPU
		{1CB8F9DE-AAEA-44AC-8870-9FD4C08098E2}.Release|Any CPU.Build.0 = Release|Any CPU
		{AC7F5D75-FA89-4ED5-803C-C37CC3581D0D}.Debug|Any CPU.ActiveCfg = Debug|Any CPU
		{AC7F5D75-FA89-4ED5-803C-C37CC3581D0D}.Debug|Any CPU.Build.0 = Debug|Any CPU
		{AC7F5D75-FA89-4ED5-803C-C37CC3581D0D}.Release|Any CPU.ActiveCfg = Release|Any CPU
		{AC7F5D75-FA89-4ED5-803C-C37CC3581D0D}.Release|Any CPU.Build.0 = Release|Any CPU
		{E7375B47-AE41-4C79-BF74-DE974EA42BF5}.Debug|Any CPU.ActiveCfg = Debug|Any CPU
		{E7375B47-AE41-4C79-BF74-DE974EA42BF5}.Debug|Any CPU.Build.0 = Debug|Any CPU
		{E7375B47-AE41-4C79-BF74-DE974EA42BF5}.Release|Any CPU.ActiveCfg = Release|Any CPU
		{E7375B47-AE41-4C79-BF74-DE974EA42BF5}.Release|Any CPU.Build.0 = Release|Any CPU
		{4C050555-C381-41DA-B367-2444A03BBA0E}.Debug|Any CPU.ActiveCfg = Debug|Any CPU
		{4C050555-C381-41DA-B367-2444A03BBA0E}.Debug|Any CPU.Build.0 = Debug|Any CPU
		{4C050555-C381-41DA-B367-2444A03BBA0E}.Release|Any CPU.ActiveCfg = Release|Any CPU
		{4C050555-C381-41DA-B367-2444A03BBA0E}.Release|Any CPU.Build.0 = Release|Any CPU
		{90A90E93-6EA6-4EF8-A940-62E2AF7C43B4}.Debug|Any CPU.ActiveCfg = Debug|Any CPU
		{90A90E93-6EA6-4EF8-A940-62E2AF7C43B4}.Debug|Any CPU.Build.0 = Debug|Any CPU
		{90A90E93-6EA6-4EF8-A940-62E2AF7C43B4}.Release|Any CPU.ActiveCfg = Release|Any CPU
		{90A90E93-6EA6-4EF8-A940-62E2AF7C43B4}.Release|Any CPU.Build.0 = Release|Any CPU
		{391ECAAA-E844-4A1E-8F86-F5012365C936}.Debug|Any CPU.ActiveCfg = Debug|Any CPU
		{391ECAAA-E844-4A1E-8F86-F5012365C936}.Debug|Any CPU.Build.0 = Debug|Any CPU
		{391ECAAA-E844-4A1E-8F86-F5012365C936}.Release|Any CPU.ActiveCfg = Release|Any CPU
		{391ECAAA-E844-4A1E-8F86-F5012365C936}.Release|Any CPU.Build.0 = Release|Any CPU
		{FCF523EB-112A-4E1F-B867-D3DFC04C1106}.Debug|Any CPU.ActiveCfg = Debug|Any CPU
		{FCF523EB-112A-4E1F-B867-D3DFC04C1106}.Debug|Any CPU.Build.0 = Debug|Any CPU
		{FCF523EB-112A-4E1F-B867-D3DFC04C1106}.Release|Any CPU.ActiveCfg = Release|Any CPU
		{FCF523EB-112A-4E1F-B867-D3DFC04C1106}.Release|Any CPU.Build.0 = Release|Any CPU
		{4C720016-2177-4B5C-8B47-A91E5FF64E2D}.Debug|Any CPU.ActiveCfg = Debug|Any CPU
		{4C720016-2177-4B5C-8B47-A91E5FF64E2D}.Debug|Any CPU.Build.0 = Debug|Any CPU
		{4C720016-2177-4B5C-8B47-A91E5FF64E2D}.Release|Any CPU.ActiveCfg = Release|Any CPU
		{4C720016-2177-4B5C-8B47-A91E5FF64E2D}.Release|Any CPU.Build.0 = Release|Any CPU
		{9662665A-052D-4E28-8FC2-173568DC7EB4}.Debug|Any CPU.ActiveCfg = Debug|Any CPU
		{9662665A-052D-4E28-8FC2-173568DC7EB4}.Debug|Any CPU.Build.0 = Debug|Any CPU
		{9662665A-052D-4E28-8FC2-173568DC7EB4}.Release|Any CPU.ActiveCfg = Release|Any CPU
		{9662665A-052D-4E28-8FC2-173568DC7EB4}.Release|Any CPU.Build.0 = Release|Any CPU
		{ABBDF105-581E-422D-BC94-986C8F54706B}.Debug|Any CPU.ActiveCfg = Debug|Any CPU
		{ABBDF105-581E-422D-BC94-986C8F54706B}.Debug|Any CPU.Build.0 = Debug|Any CPU
		{ABBDF105-581E-422D-BC94-986C8F54706B}.Release|Any CPU.ActiveCfg = Release|Any CPU
		{ABBDF105-581E-422D-BC94-986C8F54706B}.Release|Any CPU.Build.0 = Release|Any CPU
		{BC10407D-644E-4836-866C-B6ECCA1A0248}.Debug|Any CPU.ActiveCfg = Debug|Any CPU
		{BC10407D-644E-4836-866C-B6ECCA1A0248}.Debug|Any CPU.Build.0 = Debug|Any CPU
		{BC10407D-644E-4836-866C-B6ECCA1A0248}.Release|Any CPU.ActiveCfg = Release|Any CPU
		{BC10407D-644E-4836-866C-B6ECCA1A0248}.Release|Any CPU.Build.0 = Release|Any CPU
		{50F9EB44-6E13-4A8B-BDFD-1219A6D5B1C6}.Debug|Any CPU.ActiveCfg = Debug|Any CPU
		{50F9EB44-6E13-4A8B-BDFD-1219A6D5B1C6}.Debug|Any CPU.Build.0 = Debug|Any CPU
		{50F9EB44-6E13-4A8B-BDFD-1219A6D5B1C6}.Release|Any CPU.ActiveCfg = Release|Any CPU
		{50F9EB44-6E13-4A8B-BDFD-1219A6D5B1C6}.Release|Any CPU.Build.0 = Release|Any CPU
		{2FBDB24D-9C31-4D6F-95E0-C9674A52FD29}.Debug|Any CPU.ActiveCfg = Debug|Any CPU
		{2FBDB24D-9C31-4D6F-95E0-C9674A52FD29}.Debug|Any CPU.Build.0 = Debug|Any CPU
		{2FBDB24D-9C31-4D6F-95E0-C9674A52FD29}.Release|Any CPU.ActiveCfg = Release|Any CPU
		{2FBDB24D-9C31-4D6F-95E0-C9674A52FD29}.Release|Any CPU.Build.0 = Release|Any CPU
		{DDF815EE-2E7F-4001-B91E-786A523A347F}.Debug|Any CPU.ActiveCfg = Debug|Any CPU
		{DDF815EE-2E7F-4001-B91E-786A523A347F}.Debug|Any CPU.Build.0 = Debug|Any CPU
		{DDF815EE-2E7F-4001-B91E-786A523A347F}.Release|Any CPU.ActiveCfg = Release|Any CPU
		{DDF815EE-2E7F-4001-B91E-786A523A347F}.Release|Any CPU.Build.0 = Release|Any CPU
		{9484E921-CB77-460F-B233-5FF7ADEE98A5}.Debug|Any CPU.ActiveCfg = Debug|Any CPU
		{9484E921-CB77-460F-B233-5FF7ADEE98A5}.Debug|Any CPU.Build.0 = Debug|Any CPU
		{9484E921-CB77-460F-B233-5FF7ADEE98A5}.Release|Any CPU.ActiveCfg = Release|Any CPU
		{9484E921-CB77-460F-B233-5FF7ADEE98A5}.Release|Any CPU.Build.0 = Release|Any CPU
		{CEE09750-9E6A-4494-B22B-C9157E6B8D4F}.Debug|Any CPU.ActiveCfg = Debug|Any CPU
		{CEE09750-9E6A-4494-B22B-C9157E6B8D4F}.Debug|Any CPU.Build.0 = Debug|Any CPU
		{CEE09750-9E6A-4494-B22B-C9157E6B8D4F}.Release|Any CPU.ActiveCfg = Release|Any CPU
		{CEE09750-9E6A-4494-B22B-C9157E6B8D4F}.Release|Any CPU.Build.0 = Release|Any CPU
		{927C54EE-031A-4A2A-9325-057D5E955B66}.Debug|Any CPU.ActiveCfg = Debug|Any CPU
		{927C54EE-031A-4A2A-9325-057D5E955B66}.Debug|Any CPU.Build.0 = Debug|Any CPU
		{927C54EE-031A-4A2A-9325-057D5E955B66}.Release|Any CPU.ActiveCfg = Release|Any CPU
		{927C54EE-031A-4A2A-9325-057D5E955B66}.Release|Any CPU.Build.0 = Release|Any CPU
		{2AD4033F-6C78-4A75-B0FA-BA6ECFF1CB64}.Debug|Any CPU.ActiveCfg = Debug|Any CPU
		{2AD4033F-6C78-4A75-B0FA-BA6ECFF1CB64}.Debug|Any CPU.Build.0 = Debug|Any CPU
		{2AD4033F-6C78-4A75-B0FA-BA6ECFF1CB64}.Release|Any CPU.ActiveCfg = Release|Any CPU
		{2AD4033F-6C78-4A75-B0FA-BA6ECFF1CB64}.Release|Any CPU.Build.0 = Release|Any CPU
		{33733A87-A229-43FB-BC69-79522789A129}.Debug|Any CPU.ActiveCfg = Debug|Any CPU
		{33733A87-A229-43FB-BC69-79522789A129}.Debug|Any CPU.Build.0 = Debug|Any CPU
		{33733A87-A229-43FB-BC69-79522789A129}.Release|Any CPU.ActiveCfg = Release|Any CPU
		{33733A87-A229-43FB-BC69-79522789A129}.Release|Any CPU.Build.0 = Release|Any CPU
		{728D6890-E07F-4FA9-B740-7ADFF5F6D59A}.Debug|Any CPU.ActiveCfg = Debug|Any CPU
		{728D6890-E07F-4FA9-B740-7ADFF5F6D59A}.Debug|Any CPU.Build.0 = Debug|Any CPU
		{728D6890-E07F-4FA9-B740-7ADFF5F6D59A}.Release|Any CPU.ActiveCfg = Release|Any CPU
		{728D6890-E07F-4FA9-B740-7ADFF5F6D59A}.Release|Any CPU.Build.0 = Release|Any CPU
		{E8EBB0B8-9582-4AEF-A547-25D764FBD153}.Debug|Any CPU.ActiveCfg = Debug|Any CPU
		{E8EBB0B8-9582-4AEF-A547-25D764FBD153}.Debug|Any CPU.Build.0 = Debug|Any CPU
		{E8EBB0B8-9582-4AEF-A547-25D764FBD153}.Release|Any CPU.ActiveCfg = Release|Any CPU
		{E8EBB0B8-9582-4AEF-A547-25D764FBD153}.Release|Any CPU.Build.0 = Release|Any CPU
		{28BF07F0-6542-46D1-82D3-D5B0F4F5F79B}.Debug|Any CPU.ActiveCfg = Debug|Any CPU
		{28BF07F0-6542-46D1-82D3-D5B0F4F5F79B}.Debug|Any CPU.Build.0 = Debug|Any CPU
		{28BF07F0-6542-46D1-82D3-D5B0F4F5F79B}.Release|Any CPU.ActiveCfg = Release|Any CPU
		{28BF07F0-6542-46D1-82D3-D5B0F4F5F79B}.Release|Any CPU.Build.0 = Release|Any CPU
		{D4F215AB-C14A-4B55-B78D-114AA7B3F5BE}.Debug|Any CPU.ActiveCfg = Debug|Any CPU
		{D4F215AB-C14A-4B55-B78D-114AA7B3F5BE}.Debug|Any CPU.Build.0 = Debug|Any CPU
		{D4F215AB-C14A-4B55-B78D-114AA7B3F5BE}.Release|Any CPU.ActiveCfg = Release|Any CPU
		{D4F215AB-C14A-4B55-B78D-114AA7B3F5BE}.Release|Any CPU.Build.0 = Release|Any CPU
		{22B32C73-C78C-4DF8-A607-256A194113B8}.Debug|Any CPU.ActiveCfg = Debug|Any CPU
		{22B32C73-C78C-4DF8-A607-256A194113B8}.Debug|Any CPU.Build.0 = Debug|Any CPU
		{22B32C73-C78C-4DF8-A607-256A194113B8}.Release|Any CPU.ActiveCfg = Release|Any CPU
		{22B32C73-C78C-4DF8-A607-256A194113B8}.Release|Any CPU.Build.0 = Release|Any CPU
		{184E8FC6-EB1B-4093-838D-A9CB696537B2}.Debug|Any CPU.ActiveCfg = Debug|Any CPU
		{184E8FC6-EB1B-4093-838D-A9CB696537B2}.Debug|Any CPU.Build.0 = Debug|Any CPU
		{184E8FC6-EB1B-4093-838D-A9CB696537B2}.Release|Any CPU.ActiveCfg = Release|Any CPU
		{184E8FC6-EB1B-4093-838D-A9CB696537B2}.Release|Any CPU.Build.0 = Release|Any CPU
		{55F56C9A-46D7-4C30-9081-E7272ED07805}.Debug|Any CPU.ActiveCfg = Debug|Any CPU
		{55F56C9A-46D7-4C30-9081-E7272ED07805}.Debug|Any CPU.Build.0 = Debug|Any CPU
		{55F56C9A-46D7-4C30-9081-E7272ED07805}.Release|Any CPU.ActiveCfg = Release|Any CPU
		{55F56C9A-46D7-4C30-9081-E7272ED07805}.Release|Any CPU.Build.0 = Release|Any CPU
		{9904C546-1ED8-4560-BFE6-4DF07FADA4C0}.Debug|Any CPU.ActiveCfg = Debug|Any CPU
		{9904C546-1ED8-4560-BFE6-4DF07FADA4C0}.Debug|Any CPU.Build.0 = Debug|Any CPU
		{9904C546-1ED8-4560-BFE6-4DF07FADA4C0}.Release|Any CPU.ActiveCfg = Release|Any CPU
		{9904C546-1ED8-4560-BFE6-4DF07FADA4C0}.Release|Any CPU.Build.0 = Release|Any CPU
		{BED17E87-9AA5-487C-A944-541ABEB92048}.Debug|Any CPU.ActiveCfg = Debug|Any CPU
		{BED17E87-9AA5-487C-A944-541ABEB92048}.Debug|Any CPU.Build.0 = Debug|Any CPU
		{BED17E87-9AA5-487C-A944-541ABEB92048}.Release|Any CPU.ActiveCfg = Release|Any CPU
		{BED17E87-9AA5-487C-A944-541ABEB92048}.Release|Any CPU.Build.0 = Release|Any CPU
		{05024533-8498-4EF7-A90A-4BCD65649B24}.Debug|Any CPU.ActiveCfg = Debug|Any CPU
		{05024533-8498-4EF7-A90A-4BCD65649B24}.Debug|Any CPU.Build.0 = Debug|Any CPU
		{05024533-8498-4EF7-A90A-4BCD65649B24}.Release|Any CPU.ActiveCfg = Release|Any CPU
		{05024533-8498-4EF7-A90A-4BCD65649B24}.Release|Any CPU.Build.0 = Release|Any CPU
		{E1B06F1A-236F-45C2-A43D-05F9BA0604A7}.Debug|Any CPU.ActiveCfg = Debug|Any CPU
		{E1B06F1A-236F-45C2-A43D-05F9BA0604A7}.Debug|Any CPU.Build.0 = Debug|Any CPU
		{E1B06F1A-236F-45C2-A43D-05F9BA0604A7}.Release|Any CPU.ActiveCfg = Release|Any CPU
		{E1B06F1A-236F-45C2-A43D-05F9BA0604A7}.Release|Any CPU.Build.0 = Release|Any CPU
		{0C4E6658-2C48-438D-9166-677456B1C51D}.Debug|Any CPU.ActiveCfg = Debug|Any CPU
		{0C4E6658-2C48-438D-9166-677456B1C51D}.Debug|Any CPU.Build.0 = Debug|Any CPU
		{0C4E6658-2C48-438D-9166-677456B1C51D}.Release|Any CPU.ActiveCfg = Release|Any CPU
		{0C4E6658-2C48-438D-9166-677456B1C51D}.Release|Any CPU.Build.0 = Release|Any CPU
		{9339E7F5-3ED1-48BB-9FFC-88E8FB6F9181}.Debug|Any CPU.ActiveCfg = Debug|Any CPU
		{9339E7F5-3ED1-48BB-9FFC-88E8FB6F9181}.Debug|Any CPU.Build.0 = Debug|Any CPU
		{9339E7F5-3ED1-48BB-9FFC-88E8FB6F9181}.Release|Any CPU.ActiveCfg = Release|Any CPU
		{9339E7F5-3ED1-48BB-9FFC-88E8FB6F9181}.Release|Any CPU.Build.0 = Release|Any CPU
		{F660F916-3E57-48A5-A1CC-7EE2089ED269}.Debug|Any CPU.ActiveCfg = Debug|Any CPU
		{F660F916-3E57-48A5-A1CC-7EE2089ED269}.Debug|Any CPU.Build.0 = Debug|Any CPU
		{F660F916-3E57-48A5-A1CC-7EE2089ED269}.Release|Any CPU.ActiveCfg = Release|Any CPU
		{F660F916-3E57-48A5-A1CC-7EE2089ED269}.Release|Any CPU.Build.0 = Release|Any CPU
		{356C41F5-149C-4624-B70A-BED076B102A5}.Debug|Any CPU.ActiveCfg = Debug|Any CPU
		{356C41F5-149C-4624-B70A-BED076B102A5}.Debug|Any CPU.Build.0 = Debug|Any CPU
		{356C41F5-149C-4624-B70A-BED076B102A5}.Release|Any CPU.ActiveCfg = Release|Any CPU
		{356C41F5-149C-4624-B70A-BED076B102A5}.Release|Any CPU.Build.0 = Release|Any CPU
		{1165477D-1D37-4EC5-B8F1-2424EB5536C4}.Debug|Any CPU.ActiveCfg = Debug|Any CPU
		{1165477D-1D37-4EC5-B8F1-2424EB5536C4}.Debug|Any CPU.Build.0 = Debug|Any CPU
		{1165477D-1D37-4EC5-B8F1-2424EB5536C4}.Release|Any CPU.ActiveCfg = Release|Any CPU
		{1165477D-1D37-4EC5-B8F1-2424EB5536C4}.Release|Any CPU.Build.0 = Release|Any CPU
		{1B8488EC-EF1F-49FE-B9B7-54BE05A81600}.Debug|Any CPU.ActiveCfg = Debug|Any CPU
		{1B8488EC-EF1F-49FE-B9B7-54BE05A81600}.Debug|Any CPU.Build.0 = Debug|Any CPU
		{1B8488EC-EF1F-49FE-B9B7-54BE05A81600}.Release|Any CPU.ActiveCfg = Release|Any CPU
		{1B8488EC-EF1F-49FE-B9B7-54BE05A81600}.Release|Any CPU.Build.0 = Release|Any CPU
		{C6CD2DB5-3EBD-4077-BE7F-4B2CA5DAF889}.Debug|Any CPU.ActiveCfg = Debug|Any CPU
		{C6CD2DB5-3EBD-4077-BE7F-4B2CA5DAF889}.Debug|Any CPU.Build.0 = Debug|Any CPU
		{C6CD2DB5-3EBD-4077-BE7F-4B2CA5DAF889}.Release|Any CPU.ActiveCfg = Release|Any CPU
		{C6CD2DB5-3EBD-4077-BE7F-4B2CA5DAF889}.Release|Any CPU.Build.0 = Release|Any CPU
		{27001862-8B70-400B-9934-BAC5E14087FA}.Debug|Any CPU.ActiveCfg = Debug|Any CPU
		{27001862-8B70-400B-9934-BAC5E14087FA}.Debug|Any CPU.Build.0 = Debug|Any CPU
		{27001862-8B70-400B-9934-BAC5E14087FA}.Release|Any CPU.ActiveCfg = Release|Any CPU
		{27001862-8B70-400B-9934-BAC5E14087FA}.Release|Any CPU.Build.0 = Release|Any CPU
		{CC9BE279-DA59-4AE8-AB62-869B515A995C}.Debug|Any CPU.ActiveCfg = Debug|Any CPU
		{CC9BE279-DA59-4AE8-AB62-869B515A995C}.Debug|Any CPU.Build.0 = Debug|Any CPU
		{CC9BE279-DA59-4AE8-AB62-869B515A995C}.Release|Any CPU.ActiveCfg = Release|Any CPU
		{CC9BE279-DA59-4AE8-AB62-869B515A995C}.Release|Any CPU.Build.0 = Release|Any CPU
		{E56EBEC6-83D8-4BCE-A5F2-31B55F2F5D64}.Debug|Any CPU.ActiveCfg = Debug|Any CPU
		{E56EBEC6-83D8-4BCE-A5F2-31B55F2F5D64}.Debug|Any CPU.Build.0 = Debug|Any CPU
		{E56EBEC6-83D8-4BCE-A5F2-31B55F2F5D64}.Release|Any CPU.ActiveCfg = Release|Any CPU
		{E56EBEC6-83D8-4BCE-A5F2-31B55F2F5D64}.Release|Any CPU.Build.0 = Release|Any CPU
	EndGlobalSection
	GlobalSection(SolutionProperties) = preSolution
		HideSolutionNode = FALSE
	EndGlobalSection
	GlobalSection(NestedProjects) = preSolution
		{CA18104A-4E88-494E-B514-0E3BC0B37D96} = {EF523BC6-D371-4ED7-A686-065FF54FB115}
		{1CB8F9DE-AAEA-44AC-8870-9FD4C08098E2} = {EF523BC6-D371-4ED7-A686-065FF54FB115}
		{AC7F5D75-FA89-4ED5-803C-C37CC3581D0D} = {EF523BC6-D371-4ED7-A686-065FF54FB115}
		{E7375B47-AE41-4C79-BF74-DE974EA42BF5} = {EF523BC6-D371-4ED7-A686-065FF54FB115}
		{4C050555-C381-41DA-B367-2444A03BBA0E} = {EF523BC6-D371-4ED7-A686-065FF54FB115}
		{90A90E93-6EA6-4EF8-A940-62E2AF7C43B4} = {EF523BC6-D371-4ED7-A686-065FF54FB115}
		{391ECAAA-E844-4A1E-8F86-F5012365C936} = {EF523BC6-D371-4ED7-A686-065FF54FB115}
		{FCF523EB-112A-4E1F-B867-D3DFC04C1106} = {EF523BC6-D371-4ED7-A686-065FF54FB115}
		{4C720016-2177-4B5C-8B47-A91E5FF64E2D} = {EF523BC6-D371-4ED7-A686-065FF54FB115}
		{9662665A-052D-4E28-8FC2-173568DC7EB4} = {EF523BC6-D371-4ED7-A686-065FF54FB115}
		{ABBDF105-581E-422D-BC94-986C8F54706B} = {EF523BC6-D371-4ED7-A686-065FF54FB115}
		{BC10407D-644E-4836-866C-B6ECCA1A0248} = {EF523BC6-D371-4ED7-A686-065FF54FB115}
		{50F9EB44-6E13-4A8B-BDFD-1219A6D5B1C6} = {EF523BC6-D371-4ED7-A686-065FF54FB115}
		{2FBDB24D-9C31-4D6F-95E0-C9674A52FD29} = {EF523BC6-D371-4ED7-A686-065FF54FB115}
		{DDF815EE-2E7F-4001-B91E-786A523A347F} = {EF523BC6-D371-4ED7-A686-065FF54FB115}
		{9484E921-CB77-460F-B233-5FF7ADEE98A5} = {EF523BC6-D371-4ED7-A686-065FF54FB115}
		{CEE09750-9E6A-4494-B22B-C9157E6B8D4F} = {EF523BC6-D371-4ED7-A686-065FF54FB115}
		{927C54EE-031A-4A2A-9325-057D5E955B66} = {EF523BC6-D371-4ED7-A686-065FF54FB115}
		{2AD4033F-6C78-4A75-B0FA-BA6ECFF1CB64} = {EF523BC6-D371-4ED7-A686-065FF54FB115}
		{33733A87-A229-43FB-BC69-79522789A129} = {EF523BC6-D371-4ED7-A686-065FF54FB115}
		{728D6890-E07F-4FA9-B740-7ADFF5F6D59A} = {EF523BC6-D371-4ED7-A686-065FF54FB115}
		{E8EBB0B8-9582-4AEF-A547-25D764FBD153} = {EF523BC6-D371-4ED7-A686-065FF54FB115}
		{28BF07F0-6542-46D1-82D3-D5B0F4F5F79B} = {EF523BC6-D371-4ED7-A686-065FF54FB115}
		{D4F215AB-C14A-4B55-B78D-114AA7B3F5BE} = {EF523BC6-D371-4ED7-A686-065FF54FB115}
		{22B32C73-C78C-4DF8-A607-256A194113B8} = {EF523BC6-D371-4ED7-A686-065FF54FB115}
		{184E8FC6-EB1B-4093-838D-A9CB696537B2} = {EF523BC6-D371-4ED7-A686-065FF54FB115}
		{55F56C9A-46D7-4C30-9081-E7272ED07805} = {EF523BC6-D371-4ED7-A686-065FF54FB115}
		{9904C546-1ED8-4560-BFE6-4DF07FADA4C0} = {EF523BC6-D371-4ED7-A686-065FF54FB115}
		{BED17E87-9AA5-487C-A944-541ABEB92048} = {EF523BC6-D371-4ED7-A686-065FF54FB115}
		{05024533-8498-4EF7-A90A-4BCD65649B24} = {EF523BC6-D371-4ED7-A686-065FF54FB115}
		{E1B06F1A-236F-45C2-A43D-05F9BA0604A7} = {EF523BC6-D371-4ED7-A686-065FF54FB115}
		{0C4E6658-2C48-438D-9166-677456B1C51D} = {EF523BC6-D371-4ED7-A686-065FF54FB115}
		{9339E7F5-3ED1-48BB-9FFC-88E8FB6F9181} = {EF523BC6-D371-4ED7-A686-065FF54FB115}
		{F660F916-3E57-48A5-A1CC-7EE2089ED269} = {EF523BC6-D371-4ED7-A686-065FF54FB115}
		{356C41F5-149C-4624-B70A-BED076B102A5} = {EF523BC6-D371-4ED7-A686-065FF54FB115}
		{1165477D-1D37-4EC5-B8F1-2424EB5536C4} = {EF523BC6-D371-4ED7-A686-065FF54FB115}
		{1B8488EC-EF1F-49FE-B9B7-54BE05A81600} = {E4E04018-DD21-4777-AD5B-EDA2482A4180}
		{C6CD2DB5-3EBD-4077-BE7F-4B2CA5DAF889} = {E4E04018-DD21-4777-AD5B-EDA2482A4180}
		{27001862-8B70-400B-9934-BAC5E14087FA} = {E4E04018-DD21-4777-AD5B-EDA2482A4180}
		{CC9BE279-DA59-4AE8-AB62-869B515A995C} = {E4E04018-DD21-4777-AD5B-EDA2482A4180}
		{E56EBEC6-83D8-4BCE-A5F2-31B55F2F5D64} = {E4E04018-DD21-4777-AD5B-EDA2482A4180}
	EndGlobalSection
	GlobalSection(ExtensibilityGlobals) = postSolution
		SolutionGuid = {7F80BD61-3968-4067-84DB-D678212F34BF}
	EndGlobalSection
EndGlobal
